// !$*UTF8*$!
{
	archiveVersion = 1;
	classes = {
	};
	objectVersion = 46;
	objects = {

/* Begin PBXBuildFile section */
		3F8628BA163D63B0001DCA11 /* CoreData.framework in Frameworks */ = {isa = PBXBuildFile; fileRef = 3F8628B9163D63B0001DCA11 /* CoreData.framework */; };
		3FA604FE1648146A00BF98AF /* QueueFree.plist in Resources */ = {isa = PBXBuildFile; fileRef = 3FA604FD1648146A00BF98AF /* QueueFree.plist */; };
		3FA605111648314100BF98AF /* Restaurant+Plist.m in Sources */ = {isa = PBXBuildFile; fileRef = 3FA605101648314100BF98AF /* Restaurant+Plist.m */; };
		3FA605191648D0F800BF98AF /* Restaurant.m in Sources */ = {isa = PBXBuildFile; fileRef = 3FA605181648D0F800BF98AF /* Restaurant.m */; };
		3FA6051D1648D0FC00BF98AF /* Telephone.m in Sources */ = {isa = PBXBuildFile; fileRef = 3FA6051C1648D0F900BF98AF /* Telephone.m */; };
		3FA605201648D0FD00BF98AF /* Traffic.m in Sources */ = {isa = PBXBuildFile; fileRef = 3FA6051F1648D0FD00BF98AF /* Traffic.m */; };
		3FA605231648D0FE00BF98AF /* Dish.m in Sources */ = {isa = PBXBuildFile; fileRef = 3FA605221648D0FE00BF98AF /* Dish.m */; };
		3FBBBD30163D61400064CA61 /* RestaurantInfo.xcdatamodeld in Sources */ = {isa = PBXBuildFile; fileRef = 3FE68AE016380D170051A267 /* RestaurantInfo.xcdatamodeld */; };
		9B77FBC5164915C700C503E2 /* qr_draw_png.mm in Sources */ = {isa = PBXBuildFile; fileRef = 9B77FBC1164915C700C503E2 /* qr_draw_png.mm */; };
		9B77FBC6164915C700C503E2 /* QR_Encode.mm in Sources */ = {isa = PBXBuildFile; fileRef = 9B77FBC3164915C700C503E2 /* QR_Encode.mm */; };
		9B77FBE0164915D100C503E2 /* png.c in Sources */ = {isa = PBXBuildFile; fileRef = 9B77FBC9164915D100C503E2 /* png.c */; };
		9B77FBE1164915D100C503E2 /* pngerror.c in Sources */ = {isa = PBXBuildFile; fileRef = 9B77FBCD164915D100C503E2 /* pngerror.c */; };
		9B77FBE2164915D100C503E2 /* pngget.c in Sources */ = {isa = PBXBuildFile; fileRef = 9B77FBCE164915D100C503E2 /* pngget.c */; };
		9B77FBE3164915D100C503E2 /* pngmem.c in Sources */ = {isa = PBXBuildFile; fileRef = 9B77FBD1164915D100C503E2 /* pngmem.c */; };
		9B77FBE4164915D100C503E2 /* pngpread.c in Sources */ = {isa = PBXBuildFile; fileRef = 9B77FBD2164915D100C503E2 /* pngpread.c */; };
		9B77FBE5164915D100C503E2 /* pngread.c in Sources */ = {isa = PBXBuildFile; fileRef = 9B77FBD4164915D100C503E2 /* pngread.c */; };
		9B77FBE6164915D100C503E2 /* pngrio.c in Sources */ = {isa = PBXBuildFile; fileRef = 9B77FBD5164915D100C503E2 /* pngrio.c */; };
		9B77FBE7164915D100C503E2 /* pngrtran.c in Sources */ = {isa = PBXBuildFile; fileRef = 9B77FBD6164915D100C503E2 /* pngrtran.c */; };
		9B77FBE8164915D100C503E2 /* pngrutil.c in Sources */ = {isa = PBXBuildFile; fileRef = 9B77FBD7164915D100C503E2 /* pngrutil.c */; };
		9B77FBE9164915D100C503E2 /* pngset.c in Sources */ = {isa = PBXBuildFile; fileRef = 9B77FBD8164915D100C503E2 /* pngset.c */; };
		9B77FBEA164915D100C503E2 /* pngtrans.c in Sources */ = {isa = PBXBuildFile; fileRef = 9B77FBDA164915D100C503E2 /* pngtrans.c */; };
		9B77FBEB164915D100C503E2 /* pngwio.c in Sources */ = {isa = PBXBuildFile; fileRef = 9B77FBDB164915D100C503E2 /* pngwio.c */; };
		9B77FBEC164915D100C503E2 /* pngwrite.c in Sources */ = {isa = PBXBuildFile; fileRef = 9B77FBDC164915D100C503E2 /* pngwrite.c */; };
		9B77FBED164915D100C503E2 /* pngwtran.c in Sources */ = {isa = PBXBuildFile; fileRef = 9B77FBDD164915D100C503E2 /* pngwtran.c */; };
		9B77FBEE164915D100C503E2 /* pngwutil.c in Sources */ = {isa = PBXBuildFile; fileRef = 9B77FBDE164915D100C503E2 /* pngwutil.c */; };
		9B77FBF01649160100C503E2 /* libz.dylib in Frameworks */ = {isa = PBXBuildFile; fileRef = 9B77FBEF1649160100C503E2 /* libz.dylib */; };
		9B77FBF3164916A100C503E2 /* Barcode.mm in Sources */ = {isa = PBXBuildFile; fileRef = 9B77FBF21649167200C503E2 /* Barcode.mm */; settings = {COMPILER_FLAGS = "-fno-objc-arc"; }; };

		4D2E5BD6164850CF00EDFD2F /* MapKit.framework in Frameworks */ = {isa = PBXBuildFile; fileRef = 4D2E5BD5164850CF00EDFD2F /* MapKit.framework */; };
		4D2E5BE01648A6E100EDFD2F /* NSMapViewController.m in Sources */ = {isa = PBXBuildFile; fileRef = 4D2E5BDE1648A6E000EDFD2F /* NSMapViewController.m */; };
		4D2E5BEA1648B2BB00EDFD2F /* NSMapView.xib in Resources */ = {isa = PBXBuildFile; fileRef = 4D2E5BE91648B2BB00EDFD2F /* NSMapView.xib */; };
		4D2E5BEC1648C45400EDFD2F /* CoreLocation.framework in Frameworks */ = {isa = PBXBuildFile; fileRef = 4D2E5BEB1648C45400EDFD2F /* CoreLocation.framework */; };
		4D2E5BEF1648E14600EDFD2F /* Annotation.m in Sources */ = {isa = PBXBuildFile; fileRef = 4D2E5BEE1648E14600EDFD2F /* Annotation.m */; };
		4D2E5BF21648E37200EDFD2F /* AnnotationCreate.m in Sources */ = {isa = PBXBuildFile; fileRef = 4D2E5BF11648E37200EDFD2F /* AnnotationCreate.m */; };
		4D2E5BF51648EAC000EDFD2F /* NSTableViewController.m in Sources */ = {isa = PBXBuildFile; fileRef = 4D2E5BF41648EAC000EDFD2F /* NSTableViewController.m */; };
		4D2E5BF71648EADB00EDFD2F /* NSTableView.xib in Resources */ = {isa = PBXBuildFile; fileRef = 4D2E5BF61648EADB00EDFD2F /* NSTableView.xib */; };
		9B7D1B7F163966380011916A /* home_background.png in Resources */ = {isa = PBXBuildFile; fileRef = 9B7D1B7D163966380011916A /* home_background.png */; };
		9B7D1B80163966380011916A /* home_background@2x.png in Resources */ = {isa = PBXBuildFile; fileRef = 9B7D1B7E163966380011916A /* home_background@2x.png */; };
		9B7D1B89163968710011916A /* home_frame_down.png in Resources */ = {isa = PBXBuildFile; fileRef = 9B7D1B82163968710011916A /* home_frame_down.png */; };
		9B7D1B8A163968710011916A /* home_frame_down@2x.png in Resources */ = {isa = PBXBuildFile; fileRef = 9B7D1B83163968710011916A /* home_frame_down@2x.png */; };
		9B7D1B8B163968710011916A /* home_frame_left.png in Resources */ = {isa = PBXBuildFile; fileRef = 9B7D1B84163968710011916A /* home_frame_left.png */; };
		9B7D1B8C163968710011916A /* home_frame_left@2x.png in Resources */ = {isa = PBXBuildFile; fileRef = 9B7D1B85163968710011916A /* home_frame_left@2x.png */; };
		9B7D1B8D163968710011916A /* home_frame_right.png in Resources */ = {isa = PBXBuildFile; fileRef = 9B7D1B86163968710011916A /* home_frame_right.png */; };
		9B7D1B8E163968710011916A /* home_frame_right@2x.png in Resources */ = {isa = PBXBuildFile; fileRef = 9B7D1B87163968710011916A /* home_frame_right@2x.png */; };
		9B7D1B8F163968710011916A /* home_frame_up.png in Resources */ = {isa = PBXBuildFile; fileRef = 9B7D1B88163968710011916A /* home_frame_up.png */; };
		9B7D1B91163968990011916A /* home_frame_up@2x.png in Resources */ = {isa = PBXBuildFile; fileRef = 9B7D1B90163968990011916A /* home_frame_up@2x.png */; };
		9B7D1B9616396A700011916A /* home_global_button.png in Resources */ = {isa = PBXBuildFile; fileRef = 9B7D1B9216396A700011916A /* home_global_button.png */; };
		9B7D1B9716396A700011916A /* home_global_button@2x.png in Resources */ = {isa = PBXBuildFile; fileRef = 9B7D1B9316396A700011916A /* home_global_button@2x.png */; };
		9B7D1B9816396A700011916A /* home_near_button.png in Resources */ = {isa = PBXBuildFile; fileRef = 9B7D1B9416396A700011916A /* home_near_button.png */; };
		9B7D1B9916396A700011916A /* home_near_button@2x.png in Resources */ = {isa = PBXBuildFile; fileRef = 9B7D1B9516396A700011916A /* home_near_button@2x.png */; };
		9B7D1B9E1639795F0011916A /* home_bill_button.png in Resources */ = {isa = PBXBuildFile; fileRef = 9B7D1B9A1639795F0011916A /* home_bill_button.png */; };
		9B7D1B9F1639795F0011916A /* home_bill_button@2x.png in Resources */ = {isa = PBXBuildFile; fileRef = 9B7D1B9B1639795F0011916A /* home_bill_button@2x.png */; };
		9B7D1BA01639795F0011916A /* home_favour_button.png in Resources */ = {isa = PBXBuildFile; fileRef = 9B7D1B9C1639795F0011916A /* home_favour_button.png */; };
		9B7D1BA11639795F0011916A /* home_favour_button@2x.png in Resources */ = {isa = PBXBuildFile; fileRef = 9B7D1B9D1639795F0011916A /* home_favour_button@2x.png */; };
		9B922EFE163AA3EE001692F2 /* search_button.png in Resources */ = {isa = PBXBuildFile; fileRef = 9B922EFA163AA3EE001692F2 /* search_button.png */; };
		9B922EFF163AA3EE001692F2 /* search_button@2x.png in Resources */ = {isa = PBXBuildFile; fileRef = 9B922EFB163AA3EE001692F2 /* search_button@2x.png */; };
		9B922F00163AA3EE001692F2 /* search_textfield.png in Resources */ = {isa = PBXBuildFile; fileRef = 9B922EFC163AA3EE001692F2 /* search_textfield.png */; };
		9B922F01163AA3EE001692F2 /* search_textfield@2x.png in Resources */ = {isa = PBXBuildFile; fileRef = 9B922EFD163AA3EE001692F2 /* search_textfield@2x.png */; };
		9B922F05163AA56A001692F2 /* GlobalSearchListViewController.m in Sources */ = {isa = PBXBuildFile; fileRef = 9B922F04163AA56A001692F2 /* GlobalSearchListViewController.m */; };
		9B922F0F163AB3EA001692F2 /* NearSearchListViewController.m in Sources */ = {isa = PBXBuildFile; fileRef = 9B922F0E163AB3EA001692F2 /* NearSearchListViewController.m */; };
		9BF5DEC3164841B2008B189A /* 0.jpg in Resources */ = {isa = PBXBuildFile; fileRef = 9BF5DEB0164841B2008B189A /* 0.jpg */; };
		9BF5DEC4164841B2008B189A /* 1.jpg in Resources */ = {isa = PBXBuildFile; fileRef = 9BF5DEB1164841B2008B189A /* 1.jpg */; };
		9BF5DEC5164841B2008B189A /* 2.jpg in Resources */ = {isa = PBXBuildFile; fileRef = 9BF5DEB2164841B2008B189A /* 2.jpg */; };
		9BF5DEC6164841B2008B189A /* 3.jpg in Resources */ = {isa = PBXBuildFile; fileRef = 9BF5DEB3164841B2008B189A /* 3.jpg */; };
		9BF5DEC7164841B2008B189A /* 4.jpg in Resources */ = {isa = PBXBuildFile; fileRef = 9BF5DEB4164841B2008B189A /* 4.jpg */; };
		9BF5DEC8164841B2008B189A /* 5.jpg in Resources */ = {isa = PBXBuildFile; fileRef = 9BF5DEB5164841B2008B189A /* 5.jpg */; };
		9BF5DEC9164841B2008B189A /* 6.jpg in Resources */ = {isa = PBXBuildFile; fileRef = 9BF5DEB6164841B2008B189A /* 6.jpg */; };
		9BF5DECA164841B2008B189A /* 7.jpg in Resources */ = {isa = PBXBuildFile; fileRef = 9BF5DEB7164841B2008B189A /* 7.jpg */; };
		9BF5DECB164841B2008B189A /* 8.jpg in Resources */ = {isa = PBXBuildFile; fileRef = 9BF5DEB8164841B2008B189A /* 8.jpg */; };
		9BF5DECC164841B2008B189A /* 9.jpg in Resources */ = {isa = PBXBuildFile; fileRef = 9BF5DEB9164841B2008B189A /* 9.jpg */; };
		9BF5DECD164841B2008B189A /* 10.jpg in Resources */ = {isa = PBXBuildFile; fileRef = 9BF5DEBA164841B2008B189A /* 10.jpg */; };
		9BF5DECE164841B2008B189A /* 11.jpg in Resources */ = {isa = PBXBuildFile; fileRef = 9BF5DEBB164841B2008B189A /* 11.jpg */; };
		9BF5DECF164841B2008B189A /* 12.jpg in Resources */ = {isa = PBXBuildFile; fileRef = 9BF5DEBC164841B2008B189A /* 12.jpg */; };
		9BF5DED0164841B2008B189A /* 13.jpg in Resources */ = {isa = PBXBuildFile; fileRef = 9BF5DEBD164841B2008B189A /* 13.jpg */; };
		9BF5DED1164841B2008B189A /* 14.jpg in Resources */ = {isa = PBXBuildFile; fileRef = 9BF5DEBE164841B2008B189A /* 14.jpg */; };
		9BF5DED2164841B2008B189A /* 15.jpg in Resources */ = {isa = PBXBuildFile; fileRef = 9BF5DEBF164841B2008B189A /* 15.jpg */; };
		9BF5DED3164841B2008B189A /* 16.jpg in Resources */ = {isa = PBXBuildFile; fileRef = 9BF5DEC0164841B2008B189A /* 16.jpg */; };
		9BF5DED4164841B2008B189A /* 17.jpg in Resources */ = {isa = PBXBuildFile; fileRef = 9BF5DEC1164841B2008B189A /* 17.jpg */; };
		9BF5DED5164841B2008B189A /* 18.jpg in Resources */ = {isa = PBXBuildFile; fileRef = 9BF5DEC2164841B2008B189A /* 18.jpg */; };
		9BF5DED7164841C3008B189A /* StarTableViewCell.xib in Resources */ = {isa = PBXBuildFile; fileRef = 9BF5DED6164841C3008B189A /* StarTableViewCell.xib */; };
		9BF5DED9164841DA008B189A /* QFStarView.xib in Resources */ = {isa = PBXBuildFile; fileRef = 9BF5DED8164841DA008B189A /* QFStarView.xib */; };
		9BF5DEDA16484322008B189A /* StarTableViewCell.m in Sources */ = {isa = PBXBuildFile; fileRef = 9BF5DEAD16484196008B189A /* StarTableViewCell.m */; };
		9BF5DEDD164846E9008B189A /* star_dish_image_boarder.png in Resources */ = {isa = PBXBuildFile; fileRef = 9BF5DEDB164846E9008B189A /* star_dish_image_boarder.png */; };
		9BF5DEDE164846E9008B189A /* star_dish_image_boarder@2x.png in Resources */ = {isa = PBXBuildFile; fileRef = 9BF5DEDC164846E9008B189A /* star_dish_image_boarder@2x.png */; };
		9BF5DEE0164854D3008B189A /* icon.png in Resources */ = {isa = PBXBuildFile; fileRef = 9BF5DEDF164854D3008B189A /* icon.png */; };
		9BF5DEE2164854D9008B189A /* icon@2x.png in Resources */ = {isa = PBXBuildFile; fileRef = 9BF5DEE1164854D9008B189A /* icon@2x.png */; };
		9BFB1C401637EE110053200A /* UIKit.framework in Frameworks */ = {isa = PBXBuildFile; fileRef = 9BFB1C3F1637EE110053200A /* UIKit.framework */; };
		9BFB1C421637EE110053200A /* Foundation.framework in Frameworks */ = {isa = PBXBuildFile; fileRef = 9BFB1C411637EE110053200A /* Foundation.framework */; };
		9BFB1C441637EE110053200A /* CoreGraphics.framework in Frameworks */ = {isa = PBXBuildFile; fileRef = 9BFB1C431637EE110053200A /* CoreGraphics.framework */; };
		9BFB1C4A1637EE110053200A /* InfoPlist.strings in Resources */ = {isa = PBXBuildFile; fileRef = 9BFB1C481637EE110053200A /* InfoPlist.strings */; };
		9BFB1C4C1637EE110053200A /* main.m in Sources */ = {isa = PBXBuildFile; fileRef = 9BFB1C4B1637EE110053200A /* main.m */; };
		9BFB1C501637EE110053200A /* QFAppDelegate.m in Sources */ = {isa = PBXBuildFile; fileRef = 9BFB1C4F1637EE110053200A /* QFAppDelegate.m */; };
		9BFB1C521637EE110053200A /* Default.png in Resources */ = {isa = PBXBuildFile; fileRef = 9BFB1C511637EE110053200A /* Default.png */; };
		9BFB1C541637EE110053200A /* Default@2x.png in Resources */ = {isa = PBXBuildFile; fileRef = 9BFB1C531637EE110053200A /* Default@2x.png */; };
		9BFB1C561637EE110053200A /* Default-568h@2x.png in Resources */ = {isa = PBXBuildFile; fileRef = 9BFB1C551637EE110053200A /* Default-568h@2x.png */; };
		9BFB1C591637EE110053200A /* MainStoryboard.storyboard in Resources */ = {isa = PBXBuildFile; fileRef = 9BFB1C571637EE110053200A /* MainStoryboard.storyboard */; };
		9BFB1C5C1637EE110053200A /* QFViewController.m in Sources */ = {isa = PBXBuildFile; fileRef = 9BFB1C5B1637EE110053200A /* QFViewController.m */; };
		9BFB1C6C1637FB290053200A /* Default.png in Resources */ = {isa = PBXBuildFile; fileRef = 9BFB1C6B1637FB290053200A /* Default.png */; };
		9BFB1C6E1637FB2F0053200A /* Default@2x.png in Resources */ = {isa = PBXBuildFile; fileRef = 9BFB1C6D1637FB2F0053200A /* Default@2x.png */; };
		9BFB1C711637FBF10053200A /* navigation_bar_background.png in Resources */ = {isa = PBXBuildFile; fileRef = 9BFB1C6F1637FBF10053200A /* navigation_bar_background.png */; };
		9BFB1C721637FBF10053200A /* navigation_bar_background@2x.png in Resources */ = {isa = PBXBuildFile; fileRef = 9BFB1C701637FBF10053200A /* navigation_bar_background@2x.png */; };
		9BFB1C761637FC5D0053200A /* QFNavigationBar.m in Sources */ = {isa = PBXBuildFile; fileRef = 9BFB1C751637FC5D0053200A /* QFNavigationBar.m */; };
		9BFB1C801637FFB50053200A /* tab_bar_background.png in Resources */ = {isa = PBXBuildFile; fileRef = 9BFB1C7E1637FFB50053200A /* tab_bar_background.png */; };
		9BFB1C811637FFB50053200A /* tab_bar_background@2x.png in Resources */ = {isa = PBXBuildFile; fileRef = 9BFB1C7F1637FFB50053200A /* tab_bar_background@2x.png */; };
		9BFB1C84163805F20053200A /* CustomTabBarView.m in Sources */ = {isa = PBXBuildFile; fileRef = 9BFB1C83163805F20053200A /* CustomTabBarView.m */; };
		9BFB1C9916380AB40053200A /* tab_bar_home_selected.png in Resources */ = {isa = PBXBuildFile; fileRef = 9BFB1C8D16380AB40053200A /* tab_bar_home_selected.png */; };
		9BFB1C9A16380AB40053200A /* tab_bar_home_selected@2x.png in Resources */ = {isa = PBXBuildFile; fileRef = 9BFB1C8E16380AB40053200A /* tab_bar_home_selected@2x.png */; };
		9BFB1C9B16380AB40053200A /* tab_bar_home_unselected.png in Resources */ = {isa = PBXBuildFile; fileRef = 9BFB1C8F16380AB40053200A /* tab_bar_home_unselected.png */; };
		9BFB1C9C16380AB40053200A /* tab_bar_home_unselected@2x.png in Resources */ = {isa = PBXBuildFile; fileRef = 9BFB1C9016380AB40053200A /* tab_bar_home_unselected@2x.png */; };
		9BFB1C9D16380AB40053200A /* tab_bar_qsns_selected.png in Resources */ = {isa = PBXBuildFile; fileRef = 9BFB1C9116380AB40053200A /* tab_bar_qsns_selected.png */; };
		9BFB1C9E16380AB40053200A /* tab_bar_qsns_selected@2x.png in Resources */ = {isa = PBXBuildFile; fileRef = 9BFB1C9216380AB40053200A /* tab_bar_qsns_selected@2x.png */; };
		9BFB1C9F16380AB40053200A /* tab_bar_qsns_unselected.png in Resources */ = {isa = PBXBuildFile; fileRef = 9BFB1C9316380AB40053200A /* tab_bar_qsns_unselected.png */; };
		9BFB1CA016380AB40053200A /* tab_bar_qsns_unselected@2x.png in Resources */ = {isa = PBXBuildFile; fileRef = 9BFB1C9416380AB40053200A /* tab_bar_qsns_unselected@2x.png */; };
		9BFB1CA116380AB40053200A /* tab_bar_star_selected.png in Resources */ = {isa = PBXBuildFile; fileRef = 9BFB1C9516380AB40053200A /* tab_bar_star_selected.png */; };
		9BFB1CA216380AB40053200A /* tab_bar_star_selected@2x.png in Resources */ = {isa = PBXBuildFile; fileRef = 9BFB1C9616380AB40053200A /* tab_bar_star_selected@2x.png */; };
		9BFB1CA316380AB40053200A /* tab_bar_star_unselected.png in Resources */ = {isa = PBXBuildFile; fileRef = 9BFB1C9716380AB40053200A /* tab_bar_star_unselected.png */; };
		9BFB1CA416380AB40053200A /* tab_bar_star_unselected@2x.png in Resources */ = {isa = PBXBuildFile; fileRef = 9BFB1C9816380AB40053200A /* tab_bar_star_unselected@2x.png */; };
		9BFB1CB61638191A0053200A /* QFHomeView.xib in Resources */ = {isa = PBXBuildFile; fileRef = 9BFB1CB31638191A0053200A /* QFHomeView.xib */; };
		9BFB1CB71638191A0053200A /* QFQsnsView.xib in Resources */ = {isa = PBXBuildFile; fileRef = 9BFB1CB41638191A0053200A /* QFQsnsView.xib */; };
/* End PBXBuildFile section */

/* Begin PBXFileReference section */
		3F8628B9163D63B0001DCA11 /* CoreData.framework */ = {isa = PBXFileReference; lastKnownFileType = wrapper.framework; name = CoreData.framework; path = System/Library/Frameworks/CoreData.framework; sourceTree = SDKROOT; };
		3FA604FD1648146A00BF98AF /* QueueFree.plist */ = {isa = PBXFileReference; fileEncoding = 4; lastKnownFileType = text.plist.xml; path = QueueFree.plist; sourceTree = "<group>"; };
		3FA6050F1648314000BF98AF /* Restaurant+Plist.h */ = {isa = PBXFileReference; fileEncoding = 4; lastKnownFileType = sourcecode.c.h; name = "Restaurant+Plist.h"; path = "CoreData/Restaurant+Plist.h"; sourceTree = "<group>"; };
		3FA605101648314100BF98AF /* Restaurant+Plist.m */ = {isa = PBXFileReference; fileEncoding = 4; lastKnownFileType = sourcecode.c.objc; name = "Restaurant+Plist.m"; path = "CoreData/Restaurant+Plist.m"; sourceTree = "<group>"; };
		3FA605171648D0F700BF98AF /* Restaurant.h */ = {isa = PBXFileReference; fileEncoding = 4; lastKnownFileType = sourcecode.c.h; name = Restaurant.h; path = CoreData/Restaurant.h; sourceTree = "<group>"; };
		3FA605181648D0F800BF98AF /* Restaurant.m */ = {isa = PBXFileReference; fileEncoding = 4; lastKnownFileType = sourcecode.c.objc; name = Restaurant.m; path = CoreData/Restaurant.m; sourceTree = "<group>"; };
		3FA6051B1648D0F900BF98AF /* Telephone.h */ = {isa = PBXFileReference; fileEncoding = 4; lastKnownFileType = sourcecode.c.h; name = Telephone.h; path = CoreData/Telephone.h; sourceTree = "<group>"; };
		3FA6051C1648D0F900BF98AF /* Telephone.m */ = {isa = PBXFileReference; fileEncoding = 4; lastKnownFileType = sourcecode.c.objc; name = Telephone.m; path = CoreData/Telephone.m; sourceTree = "<group>"; };
		3FA6051E1648D0FC00BF98AF /* Traffic.h */ = {isa = PBXFileReference; fileEncoding = 4; lastKnownFileType = sourcecode.c.h; name = Traffic.h; path = CoreData/Traffic.h; sourceTree = "<group>"; };
		3FA6051F1648D0FD00BF98AF /* Traffic.m */ = {isa = PBXFileReference; fileEncoding = 4; lastKnownFileType = sourcecode.c.objc; name = Traffic.m; path = CoreData/Traffic.m; sourceTree = "<group>"; };
		3FA605211648D0FE00BF98AF /* Dish.h */ = {isa = PBXFileReference; fileEncoding = 4; lastKnownFileType = sourcecode.c.h; name = Dish.h; path = CoreData/Dish.h; sourceTree = "<group>"; };
		3FA605221648D0FE00BF98AF /* Dish.m */ = {isa = PBXFileReference; fileEncoding = 4; lastKnownFileType = sourcecode.c.objc; name = Dish.m; path = CoreData/Dish.m; sourceTree = "<group>"; };
		3FE68AE116380D170051A267 /* RestaurantInfo.xcdatamodel */ = {isa = PBXFileReference; lastKnownFileType = wrapper.xcdatamodel; path = RestaurantInfo.xcdatamodel; sourceTree = "<group>"; };
		9B77FBBF164915C700C503E2 /* qr_draw.h */ = {isa = PBXFileReference; fileEncoding = 4; lastKnownFileType = sourcecode.c.h; path = qr_draw.h; sourceTree = "<group>"; };
		9B77FBC0164915C700C503E2 /* qr_draw_png.h */ = {isa = PBXFileReference; fileEncoding = 4; lastKnownFileType = sourcecode.c.h; path = qr_draw_png.h; sourceTree = "<group>"; };
		9B77FBC1164915C700C503E2 /* qr_draw_png.mm */ = {isa = PBXFileReference; fileEncoding = 4; lastKnownFileType = sourcecode.cpp.objcpp; path = qr_draw_png.mm; sourceTree = "<group>"; };
		9B77FBC2164915C700C503E2 /* QR_Encode.h */ = {isa = PBXFileReference; fileEncoding = 4; lastKnownFileType = sourcecode.c.h; path = QR_Encode.h; sourceTree = "<group>"; };
		9B77FBC3164915C700C503E2 /* QR_Encode.mm */ = {isa = PBXFileReference; fileEncoding = 4; lastKnownFileType = sourcecode.cpp.objcpp; path = QR_Encode.mm; sourceTree = "<group>"; };
		9B77FBC4164915C700C503E2 /* win2ansi.h */ = {isa = PBXFileReference; fileEncoding = 4; lastKnownFileType = sourcecode.c.h; path = win2ansi.h; sourceTree = "<group>"; };
		9B77FBC9164915D100C503E2 /* png.c */ = {isa = PBXFileReference; fileEncoding = 4; lastKnownFileType = sourcecode.c.c; path = png.c; sourceTree = "<group>"; };
		9B77FBCA164915D100C503E2 /* png.h */ = {isa = PBXFileReference; fileEncoding = 4; lastKnownFileType = sourcecode.c.h; path = png.h; sourceTree = "<group>"; };
		9B77FBCB164915D100C503E2 /* pngconf.h */ = {isa = PBXFileReference; fileEncoding = 4; lastKnownFileType = sourcecode.c.h; path = pngconf.h; sourceTree = "<group>"; };
		9B77FBCC164915D100C503E2 /* pngdebug.h */ = {isa = PBXFileReference; fileEncoding = 4; lastKnownFileType = sourcecode.c.h; path = pngdebug.h; sourceTree = "<group>"; };
		9B77FBCD164915D100C503E2 /* pngerror.c */ = {isa = PBXFileReference; fileEncoding = 4; lastKnownFileType = sourcecode.c.c; path = pngerror.c; sourceTree = "<group>"; };
		9B77FBCE164915D100C503E2 /* pngget.c */ = {isa = PBXFileReference; fileEncoding = 4; lastKnownFileType = sourcecode.c.c; path = pngget.c; sourceTree = "<group>"; };
		9B77FBCF164915D100C503E2 /* pnginfo.h */ = {isa = PBXFileReference; fileEncoding = 4; lastKnownFileType = sourcecode.c.h; path = pnginfo.h; sourceTree = "<group>"; };
		9B77FBD0164915D100C503E2 /* pnglibconf.h */ = {isa = PBXFileReference; fileEncoding = 4; lastKnownFileType = sourcecode.c.h; path = pnglibconf.h; sourceTree = "<group>"; };
		9B77FBD1164915D100C503E2 /* pngmem.c */ = {isa = PBXFileReference; fileEncoding = 4; lastKnownFileType = sourcecode.c.c; path = pngmem.c; sourceTree = "<group>"; };
		9B77FBD2164915D100C503E2 /* pngpread.c */ = {isa = PBXFileReference; fileEncoding = 4; lastKnownFileType = sourcecode.c.c; path = pngpread.c; sourceTree = "<group>"; };
		9B77FBD3164915D100C503E2 /* pngpriv.h */ = {isa = PBXFileReference; fileEncoding = 4; lastKnownFileType = sourcecode.c.h; path = pngpriv.h; sourceTree = "<group>"; };
		9B77FBD4164915D100C503E2 /* pngread.c */ = {isa = PBXFileReference; fileEncoding = 4; lastKnownFileType = sourcecode.c.c; path = pngread.c; sourceTree = "<group>"; };
		9B77FBD5164915D100C503E2 /* pngrio.c */ = {isa = PBXFileReference; fileEncoding = 4; lastKnownFileType = sourcecode.c.c; path = pngrio.c; sourceTree = "<group>"; };
		9B77FBD6164915D100C503E2 /* pngrtran.c */ = {isa = PBXFileReference; fileEncoding = 4; lastKnownFileType = sourcecode.c.c; path = pngrtran.c; sourceTree = "<group>"; };
		9B77FBD7164915D100C503E2 /* pngrutil.c */ = {isa = PBXFileReference; fileEncoding = 4; lastKnownFileType = sourcecode.c.c; path = pngrutil.c; sourceTree = "<group>"; };
		9B77FBD8164915D100C503E2 /* pngset.c */ = {isa = PBXFileReference; fileEncoding = 4; lastKnownFileType = sourcecode.c.c; path = pngset.c; sourceTree = "<group>"; };
		9B77FBD9164915D100C503E2 /* pngstruct.h */ = {isa = PBXFileReference; fileEncoding = 4; lastKnownFileType = sourcecode.c.h; path = pngstruct.h; sourceTree = "<group>"; };
		9B77FBDA164915D100C503E2 /* pngtrans.c */ = {isa = PBXFileReference; fileEncoding = 4; lastKnownFileType = sourcecode.c.c; path = pngtrans.c; sourceTree = "<group>"; };
		9B77FBDB164915D100C503E2 /* pngwio.c */ = {isa = PBXFileReference; fileEncoding = 4; lastKnownFileType = sourcecode.c.c; path = pngwio.c; sourceTree = "<group>"; };
		9B77FBDC164915D100C503E2 /* pngwrite.c */ = {isa = PBXFileReference; fileEncoding = 4; lastKnownFileType = sourcecode.c.c; path = pngwrite.c; sourceTree = "<group>"; };
		9B77FBDD164915D100C503E2 /* pngwtran.c */ = {isa = PBXFileReference; fileEncoding = 4; lastKnownFileType = sourcecode.c.c; path = pngwtran.c; sourceTree = "<group>"; };
		9B77FBDE164915D100C503E2 /* pngwutil.c */ = {isa = PBXFileReference; fileEncoding = 4; lastKnownFileType = sourcecode.c.c; path = pngwutil.c; sourceTree = "<group>"; };
		9B77FBDF164915D100C503E2 /* zlib.h */ = {isa = PBXFileReference; fileEncoding = 4; lastKnownFileType = sourcecode.c.h; path = zlib.h; sourceTree = "<group>"; };
		9B77FBEF1649160100C503E2 /* libz.dylib */ = {isa = PBXFileReference; lastKnownFileType = "compiled.mach-o.dylib"; name = libz.dylib; path = usr/lib/libz.dylib; sourceTree = SDKROOT; };
		9B77FBF11649167200C503E2 /* Barcode.h */ = {isa = PBXFileReference; lastKnownFileType = sourcecode.c.h; path = Barcode.h; sourceTree = "<group>"; };
		9B77FBF21649167200C503E2 /* Barcode.mm */ = {isa = PBXFileReference; lastKnownFileType = sourcecode.cpp.objcpp; path = Barcode.mm; sourceTree = "<group>"; };
		4D2E5BD5164850CF00EDFD2F /* MapKit.framework */ = {isa = PBXFileReference; lastKnownFileType = wrapper.framework; name = MapKit.framework; path = System/Library/Frameworks/MapKit.framework; sourceTree = SDKROOT; };
		4D2E5BDD1648A6E000EDFD2F /* NSMapViewController.h */ = {isa = PBXFileReference; fileEncoding = 4; lastKnownFileType = sourcecode.c.h; path = NSMapViewController.h; sourceTree = "<group>"; };
		4D2E5BDE1648A6E000EDFD2F /* NSMapViewController.m */ = {isa = PBXFileReference; fileEncoding = 4; lastKnownFileType = sourcecode.c.objc; path = NSMapViewController.m; sourceTree = "<group>"; };
		4D2E5BE91648B2BB00EDFD2F /* NSMapView.xib */ = {isa = PBXFileReference; fileEncoding = 4; lastKnownFileType = file.xib; path = NSMapView.xib; sourceTree = "<group>"; };
		4D2E5BEB1648C45400EDFD2F /* CoreLocation.framework */ = {isa = PBXFileReference; lastKnownFileType = wrapper.framework; name = CoreLocation.framework; path = System/Library/Frameworks/CoreLocation.framework; sourceTree = SDKROOT; };
		4D2E5BED1648E14600EDFD2F /* Annotation.h */ = {isa = PBXFileReference; fileEncoding = 4; lastKnownFileType = sourcecode.c.h; path = Annotation.h; sourceTree = "<group>"; };
		4D2E5BEE1648E14600EDFD2F /* Annotation.m */ = {isa = PBXFileReference; fileEncoding = 4; lastKnownFileType = sourcecode.c.objc; path = Annotation.m; sourceTree = "<group>"; };
		4D2E5BF01648E37200EDFD2F /* AnnotationCreate.h */ = {isa = PBXFileReference; fileEncoding = 4; lastKnownFileType = sourcecode.c.h; path = AnnotationCreate.h; sourceTree = "<group>"; };
		4D2E5BF11648E37200EDFD2F /* AnnotationCreate.m */ = {isa = PBXFileReference; fileEncoding = 4; lastKnownFileType = sourcecode.c.objc; path = AnnotationCreate.m; sourceTree = "<group>"; };
		4D2E5BF31648EAC000EDFD2F /* NSTableViewController.h */ = {isa = PBXFileReference; fileEncoding = 4; lastKnownFileType = sourcecode.c.h; path = NSTableViewController.h; sourceTree = "<group>"; };
		4D2E5BF41648EAC000EDFD2F /* NSTableViewController.m */ = {isa = PBXFileReference; fileEncoding = 4; lastKnownFileType = sourcecode.c.objc; path = NSTableViewController.m; sourceTree = "<group>"; };
		4D2E5BF61648EADB00EDFD2F /* NSTableView.xib */ = {isa = PBXFileReference; fileEncoding = 4; lastKnownFileType = file.xib; path = NSTableView.xib; sourceTree = "<group>"; };
		9B7D1B7D163966380011916A /* home_background.png */ = {isa = PBXFileReference; lastKnownFileType = image.png; path = home_background.png; sourceTree = "<group>"; };
		9B7D1B7E163966380011916A /* home_background@2x.png */ = {isa = PBXFileReference; lastKnownFileType = image.png; path = "home_background@2x.png"; sourceTree = "<group>"; };
		9B7D1B82163968710011916A /* home_frame_down.png */ = {isa = PBXFileReference; lastKnownFileType = image.png; path = home_frame_down.png; sourceTree = "<group>"; };
		9B7D1B83163968710011916A /* home_frame_down@2x.png */ = {isa = PBXFileReference; lastKnownFileType = image.png; path = "home_frame_down@2x.png"; sourceTree = "<group>"; };
		9B7D1B84163968710011916A /* home_frame_left.png */ = {isa = PBXFileReference; lastKnownFileType = image.png; path = home_frame_left.png; sourceTree = "<group>"; };
		9B7D1B85163968710011916A /* home_frame_left@2x.png */ = {isa = PBXFileReference; lastKnownFileType = image.png; path = "home_frame_left@2x.png"; sourceTree = "<group>"; };
		9B7D1B86163968710011916A /* home_frame_right.png */ = {isa = PBXFileReference; lastKnownFileType = image.png; path = home_frame_right.png; sourceTree = "<group>"; };
		9B7D1B87163968710011916A /* home_frame_right@2x.png */ = {isa = PBXFileReference; lastKnownFileType = image.png; path = "home_frame_right@2x.png"; sourceTree = "<group>"; };
		9B7D1B88163968710011916A /* home_frame_up.png */ = {isa = PBXFileReference; lastKnownFileType = image.png; path = home_frame_up.png; sourceTree = "<group>"; };
		9B7D1B90163968990011916A /* home_frame_up@2x.png */ = {isa = PBXFileReference; lastKnownFileType = image.png; path = "home_frame_up@2x.png"; sourceTree = "<group>"; };
		9B7D1B9216396A700011916A /* home_global_button.png */ = {isa = PBXFileReference; lastKnownFileType = image.png; path = home_global_button.png; sourceTree = "<group>"; };
		9B7D1B9316396A700011916A /* home_global_button@2x.png */ = {isa = PBXFileReference; lastKnownFileType = image.png; path = "home_global_button@2x.png"; sourceTree = "<group>"; };
		9B7D1B9416396A700011916A /* home_near_button.png */ = {isa = PBXFileReference; lastKnownFileType = image.png; path = home_near_button.png; sourceTree = "<group>"; };
		9B7D1B9516396A700011916A /* home_near_button@2x.png */ = {isa = PBXFileReference; lastKnownFileType = image.png; path = "home_near_button@2x.png"; sourceTree = "<group>"; };
		9B7D1B9A1639795F0011916A /* home_bill_button.png */ = {isa = PBXFileReference; lastKnownFileType = image.png; path = home_bill_button.png; sourceTree = "<group>"; };
		9B7D1B9B1639795F0011916A /* home_bill_button@2x.png */ = {isa = PBXFileReference; lastKnownFileType = image.png; path = "home_bill_button@2x.png"; sourceTree = "<group>"; };
		9B7D1B9C1639795F0011916A /* home_favour_button.png */ = {isa = PBXFileReference; lastKnownFileType = image.png; path = home_favour_button.png; sourceTree = "<group>"; };
		9B7D1B9D1639795F0011916A /* home_favour_button@2x.png */ = {isa = PBXFileReference; lastKnownFileType = image.png; path = "home_favour_button@2x.png"; sourceTree = "<group>"; };
		9B922EFA163AA3EE001692F2 /* search_button.png */ = {isa = PBXFileReference; lastKnownFileType = image.png; path = search_button.png; sourceTree = "<group>"; };
		9B922EFB163AA3EE001692F2 /* search_button@2x.png */ = {isa = PBXFileReference; lastKnownFileType = image.png; path = "search_button@2x.png"; sourceTree = "<group>"; };
		9B922EFC163AA3EE001692F2 /* search_textfield.png */ = {isa = PBXFileReference; lastKnownFileType = image.png; path = search_textfield.png; sourceTree = "<group>"; };
		9B922EFD163AA3EE001692F2 /* search_textfield@2x.png */ = {isa = PBXFileReference; lastKnownFileType = image.png; path = "search_textfield@2x.png"; sourceTree = "<group>"; };
		9B922F03163AA56A001692F2 /* GlobalSearchListViewController.h */ = {isa = PBXFileReference; fileEncoding = 4; lastKnownFileType = sourcecode.c.h; path = GlobalSearchListViewController.h; sourceTree = "<group>"; };
		9B922F04163AA56A001692F2 /* GlobalSearchListViewController.m */ = {isa = PBXFileReference; fileEncoding = 4; lastKnownFileType = sourcecode.c.objc; path = GlobalSearchListViewController.m; sourceTree = "<group>"; };
		9B922F0D163AB3EA001692F2 /* NearSearchListViewController.h */ = {isa = PBXFileReference; fileEncoding = 4; lastKnownFileType = sourcecode.c.h; path = NearSearchListViewController.h; sourceTree = "<group>"; };
		9B922F0E163AB3EA001692F2 /* NearSearchListViewController.m */ = {isa = PBXFileReference; fileEncoding = 4; lastKnownFileType = sourcecode.c.objc; path = NearSearchListViewController.m; sourceTree = "<group>"; };
		9BF5DEAC16484196008B189A /* StarTableViewCell.h */ = {isa = PBXFileReference; lastKnownFileType = sourcecode.c.h; path = StarTableViewCell.h; sourceTree = "<group>"; };
		9BF5DEAD16484196008B189A /* StarTableViewCell.m */ = {isa = PBXFileReference; lastKnownFileType = sourcecode.c.objc; path = StarTableViewCell.m; sourceTree = "<group>"; };
		9BF5DEB0164841B2008B189A /* 0.jpg */ = {isa = PBXFileReference; lastKnownFileType = image.jpeg; path = 0.jpg; sourceTree = "<group>"; };
		9BF5DEB1164841B2008B189A /* 1.jpg */ = {isa = PBXFileReference; lastKnownFileType = image.jpeg; path = 1.jpg; sourceTree = "<group>"; };
		9BF5DEB2164841B2008B189A /* 2.jpg */ = {isa = PBXFileReference; lastKnownFileType = image.jpeg; path = 2.jpg; sourceTree = "<group>"; };
		9BF5DEB3164841B2008B189A /* 3.jpg */ = {isa = PBXFileReference; lastKnownFileType = image.jpeg; path = 3.jpg; sourceTree = "<group>"; };
		9BF5DEB4164841B2008B189A /* 4.jpg */ = {isa = PBXFileReference; lastKnownFileType = image.jpeg; path = 4.jpg; sourceTree = "<group>"; };
		9BF5DEB5164841B2008B189A /* 5.jpg */ = {isa = PBXFileReference; lastKnownFileType = image.jpeg; path = 5.jpg; sourceTree = "<group>"; };
		9BF5DEB6164841B2008B189A /* 6.jpg */ = {isa = PBXFileReference; lastKnownFileType = image.jpeg; path = 6.jpg; sourceTree = "<group>"; };
		9BF5DEB7164841B2008B189A /* 7.jpg */ = {isa = PBXFileReference; lastKnownFileType = image.jpeg; path = 7.jpg; sourceTree = "<group>"; };
		9BF5DEB8164841B2008B189A /* 8.jpg */ = {isa = PBXFileReference; lastKnownFileType = image.jpeg; path = 8.jpg; sourceTree = "<group>"; };
		9BF5DEB9164841B2008B189A /* 9.jpg */ = {isa = PBXFileReference; lastKnownFileType = image.jpeg; path = 9.jpg; sourceTree = "<group>"; };
		9BF5DEBA164841B2008B189A /* 10.jpg */ = {isa = PBXFileReference; lastKnownFileType = image.jpeg; path = 10.jpg; sourceTree = "<group>"; };
		9BF5DEBB164841B2008B189A /* 11.jpg */ = {isa = PBXFileReference; lastKnownFileType = image.jpeg; path = 11.jpg; sourceTree = "<group>"; };
		9BF5DEBC164841B2008B189A /* 12.jpg */ = {isa = PBXFileReference; lastKnownFileType = image.jpeg; path = 12.jpg; sourceTree = "<group>"; };
		9BF5DEBD164841B2008B189A /* 13.jpg */ = {isa = PBXFileReference; lastKnownFileType = image.jpeg; path = 13.jpg; sourceTree = "<group>"; };
		9BF5DEBE164841B2008B189A /* 14.jpg */ = {isa = PBXFileReference; lastKnownFileType = image.jpeg; path = 14.jpg; sourceTree = "<group>"; };
		9BF5DEBF164841B2008B189A /* 15.jpg */ = {isa = PBXFileReference; lastKnownFileType = image.jpeg; path = 15.jpg; sourceTree = "<group>"; };
		9BF5DEC0164841B2008B189A /* 16.jpg */ = {isa = PBXFileReference; lastKnownFileType = image.jpeg; path = 16.jpg; sourceTree = "<group>"; };
		9BF5DEC1164841B2008B189A /* 17.jpg */ = {isa = PBXFileReference; lastKnownFileType = image.jpeg; path = 17.jpg; sourceTree = "<group>"; };
		9BF5DEC2164841B2008B189A /* 18.jpg */ = {isa = PBXFileReference; lastKnownFileType = image.jpeg; path = 18.jpg; sourceTree = "<group>"; };
		9BF5DED6164841C3008B189A /* StarTableViewCell.xib */ = {isa = PBXFileReference; fileEncoding = 4; lastKnownFileType = file.xib; path = StarTableViewCell.xib; sourceTree = "<group>"; };
		9BF5DED8164841DA008B189A /* QFStarView.xib */ = {isa = PBXFileReference; fileEncoding = 4; lastKnownFileType = file.xib; path = QFStarView.xib; sourceTree = "<group>"; };
		9BF5DEDB164846E9008B189A /* star_dish_image_boarder.png */ = {isa = PBXFileReference; lastKnownFileType = image.png; path = star_dish_image_boarder.png; sourceTree = "<group>"; };
		9BF5DEDC164846E9008B189A /* star_dish_image_boarder@2x.png */ = {isa = PBXFileReference; lastKnownFileType = image.png; path = "star_dish_image_boarder@2x.png"; sourceTree = "<group>"; };
		9BF5DEDF164854D3008B189A /* icon.png */ = {isa = PBXFileReference; lastKnownFileType = image.png; name = icon.png; path = ../../icon.png; sourceTree = "<group>"; };
		9BF5DEE1164854D9008B189A /* icon@2x.png */ = {isa = PBXFileReference; lastKnownFileType = image.png; name = "icon@2x.png"; path = "../../icon@2x.png"; sourceTree = "<group>"; };
		9BFB1C3B1637EE110053200A /* QueueFree.app */ = {isa = PBXFileReference; explicitFileType = wrapper.application; includeInIndex = 0; path = QueueFree.app; sourceTree = BUILT_PRODUCTS_DIR; };
		9BFB1C3F1637EE110053200A /* UIKit.framework */ = {isa = PBXFileReference; lastKnownFileType = wrapper.framework; name = UIKit.framework; path = System/Library/Frameworks/UIKit.framework; sourceTree = SDKROOT; };
		9BFB1C411637EE110053200A /* Foundation.framework */ = {isa = PBXFileReference; lastKnownFileType = wrapper.framework; name = Foundation.framework; path = System/Library/Frameworks/Foundation.framework; sourceTree = SDKROOT; };
		9BFB1C431637EE110053200A /* CoreGraphics.framework */ = {isa = PBXFileReference; lastKnownFileType = wrapper.framework; name = CoreGraphics.framework; path = System/Library/Frameworks/CoreGraphics.framework; sourceTree = SDKROOT; };
		9BFB1C471637EE110053200A /* QueueFree-Info.plist */ = {isa = PBXFileReference; lastKnownFileType = text.plist.xml; path = "QueueFree-Info.plist"; sourceTree = "<group>"; };
		9BFB1C491637EE110053200A /* en */ = {isa = PBXFileReference; lastKnownFileType = text.plist.strings; name = en; path = en.lproj/InfoPlist.strings; sourceTree = "<group>"; };
		9BFB1C4B1637EE110053200A /* main.m */ = {isa = PBXFileReference; lastKnownFileType = sourcecode.c.objc; path = main.m; sourceTree = "<group>"; };
		9BFB1C4D1637EE110053200A /* QueueFree-Prefix.pch */ = {isa = PBXFileReference; lastKnownFileType = sourcecode.c.h; path = "QueueFree-Prefix.pch"; sourceTree = "<group>"; };
		9BFB1C4E1637EE110053200A /* QFAppDelegate.h */ = {isa = PBXFileReference; lastKnownFileType = sourcecode.c.h; name = QFAppDelegate.h; path = ../QFAppDelegate.h; sourceTree = "<group>"; };
		9BFB1C4F1637EE110053200A /* QFAppDelegate.m */ = {isa = PBXFileReference; lastKnownFileType = sourcecode.c.objc; name = QFAppDelegate.m; path = ../QFAppDelegate.m; sourceTree = "<group>"; };
		9BFB1C511637EE110053200A /* Default.png */ = {isa = PBXFileReference; lastKnownFileType = image.png; path = Default.png; sourceTree = "<group>"; };
		9BFB1C531637EE110053200A /* Default@2x.png */ = {isa = PBXFileReference; lastKnownFileType = image.png; path = "Default@2x.png"; sourceTree = "<group>"; };
		9BFB1C551637EE110053200A /* Default-568h@2x.png */ = {isa = PBXFileReference; lastKnownFileType = image.png; path = "Default-568h@2x.png"; sourceTree = "<group>"; };
		9BFB1C581637EE110053200A /* en */ = {isa = PBXFileReference; lastKnownFileType = file.storyboard; name = en; path = en.lproj/MainStoryboard.storyboard; sourceTree = "<group>"; };
		9BFB1C5A1637EE110053200A /* QFViewController.h */ = {isa = PBXFileReference; lastKnownFileType = sourcecode.c.h; name = QFViewController.h; path = ../QFViewController.h; sourceTree = "<group>"; };
		9BFB1C5B1637EE110053200A /* QFViewController.m */ = {isa = PBXFileReference; lastKnownFileType = sourcecode.c.objc; name = QFViewController.m; path = ../QFViewController.m; sourceTree = "<group>"; };
		9BFB1C6B1637FB290053200A /* Default.png */ = {isa = PBXFileReference; lastKnownFileType = image.png; name = Default.png; path = ../../Default.png; sourceTree = "<group>"; };
		9BFB1C6D1637FB2F0053200A /* Default@2x.png */ = {isa = PBXFileReference; lastKnownFileType = image.png; name = "Default@2x.png"; path = "../../Default@2x.png"; sourceTree = "<group>"; };
		9BFB1C6F1637FBF10053200A /* navigation_bar_background.png */ = {isa = PBXFileReference; lastKnownFileType = image.png; path = navigation_bar_background.png; sourceTree = "<group>"; };
		9BFB1C701637FBF10053200A /* navigation_bar_background@2x.png */ = {isa = PBXFileReference; lastKnownFileType = image.png; path = "navigation_bar_background@2x.png"; sourceTree = "<group>"; };
		9BFB1C741637FC5D0053200A /* QFNavigationBar.h */ = {isa = PBXFileReference; fileEncoding = 4; lastKnownFileType = sourcecode.c.h; path = QFNavigationBar.h; sourceTree = "<group>"; };
		9BFB1C751637FC5D0053200A /* QFNavigationBar.m */ = {isa = PBXFileReference; fileEncoding = 4; lastKnownFileType = sourcecode.c.objc; path = QFNavigationBar.m; sourceTree = "<group>"; };
		9BFB1C7E1637FFB50053200A /* tab_bar_background.png */ = {isa = PBXFileReference; lastKnownFileType = image.png; path = tab_bar_background.png; sourceTree = "<group>"; };
		9BFB1C7F1637FFB50053200A /* tab_bar_background@2x.png */ = {isa = PBXFileReference; lastKnownFileType = image.png; path = "tab_bar_background@2x.png"; sourceTree = "<group>"; };
		9BFB1C82163805F20053200A /* CustomTabBarView.h */ = {isa = PBXFileReference; fileEncoding = 4; lastKnownFileType = sourcecode.c.h; path = CustomTabBarView.h; sourceTree = "<group>"; };
		9BFB1C83163805F20053200A /* CustomTabBarView.m */ = {isa = PBXFileReference; fileEncoding = 4; lastKnownFileType = sourcecode.c.objc; path = CustomTabBarView.m; sourceTree = "<group>"; };
		9BFB1C8D16380AB40053200A /* tab_bar_home_selected.png */ = {isa = PBXFileReference; lastKnownFileType = image.png; path = tab_bar_home_selected.png; sourceTree = "<group>"; };
		9BFB1C8E16380AB40053200A /* tab_bar_home_selected@2x.png */ = {isa = PBXFileReference; lastKnownFileType = image.png; path = "tab_bar_home_selected@2x.png"; sourceTree = "<group>"; };
		9BFB1C8F16380AB40053200A /* tab_bar_home_unselected.png */ = {isa = PBXFileReference; lastKnownFileType = image.png; path = tab_bar_home_unselected.png; sourceTree = "<group>"; };
		9BFB1C9016380AB40053200A /* tab_bar_home_unselected@2x.png */ = {isa = PBXFileReference; lastKnownFileType = image.png; path = "tab_bar_home_unselected@2x.png"; sourceTree = "<group>"; };
		9BFB1C9116380AB40053200A /* tab_bar_qsns_selected.png */ = {isa = PBXFileReference; lastKnownFileType = image.png; path = tab_bar_qsns_selected.png; sourceTree = "<group>"; };
		9BFB1C9216380AB40053200A /* tab_bar_qsns_selected@2x.png */ = {isa = PBXFileReference; lastKnownFileType = image.png; path = "tab_bar_qsns_selected@2x.png"; sourceTree = "<group>"; };
		9BFB1C9316380AB40053200A /* tab_bar_qsns_unselected.png */ = {isa = PBXFileReference; lastKnownFileType = image.png; path = tab_bar_qsns_unselected.png; sourceTree = "<group>"; };
		9BFB1C9416380AB40053200A /* tab_bar_qsns_unselected@2x.png */ = {isa = PBXFileReference; lastKnownFileType = image.png; path = "tab_bar_qsns_unselected@2x.png"; sourceTree = "<group>"; };
		9BFB1C9516380AB40053200A /* tab_bar_star_selected.png */ = {isa = PBXFileReference; lastKnownFileType = image.png; path = tab_bar_star_selected.png; sourceTree = "<group>"; };
		9BFB1C9616380AB40053200A /* tab_bar_star_selected@2x.png */ = {isa = PBXFileReference; lastKnownFileType = image.png; path = "tab_bar_star_selected@2x.png"; sourceTree = "<group>"; };
		9BFB1C9716380AB40053200A /* tab_bar_star_unselected.png */ = {isa = PBXFileReference; lastKnownFileType = image.png; path = tab_bar_star_unselected.png; sourceTree = "<group>"; };
		9BFB1C9816380AB40053200A /* tab_bar_star_unselected@2x.png */ = {isa = PBXFileReference; lastKnownFileType = image.png; path = "tab_bar_star_unselected@2x.png"; sourceTree = "<group>"; };
		9BFB1CB31638191A0053200A /* QFHomeView.xib */ = {isa = PBXFileReference; fileEncoding = 4; lastKnownFileType = file.xib; path = QFHomeView.xib; sourceTree = "<group>"; };
		9BFB1CB41638191A0053200A /* QFQsnsView.xib */ = {isa = PBXFileReference; fileEncoding = 4; lastKnownFileType = file.xib; path = QFQsnsView.xib; sourceTree = "<group>"; };
/* End PBXFileReference section */

/* Begin PBXFrameworksBuildPhase section */
		9BFB1C381637EE110053200A /* Frameworks */ = {
			isa = PBXFrameworksBuildPhase;
			buildActionMask = 2147483647;
			files = (
				9B77FBF01649160100C503E2 /* libz.dylib in Frameworks */,
				4D2E5BEC1648C45400EDFD2F /* CoreLocation.framework in Frameworks */,
				4D2E5BD6164850CF00EDFD2F /* MapKit.framework in Frameworks */,
				3F8628BA163D63B0001DCA11 /* CoreData.framework in Frameworks */,
				9BFB1C401637EE110053200A /* UIKit.framework in Frameworks */,
				9BFB1C421637EE110053200A /* Foundation.framework in Frameworks */,
				9BFB1C441637EE110053200A /* CoreGraphics.framework in Frameworks */,
			);
			runOnlyForDeploymentPostprocessing = 0;
		};
/* End PBXFrameworksBuildPhase section */

/* Begin PBXGroup section */
		3FB68578163D5FA3005116A2 /* CoreData */ = {
			isa = PBXGroup;
			children = (
				3FA604FD1648146A00BF98AF /* QueueFree.plist */,
				3FE68AE016380D170051A267 /* RestaurantInfo.xcdatamodeld */,
				3FA605171648D0F700BF98AF /* Restaurant.h */,
				3FA605181648D0F800BF98AF /* Restaurant.m */,
				3FA6051B1648D0F900BF98AF /* Telephone.h */,
				3FA6051C1648D0F900BF98AF /* Telephone.m */,
				3FA6051E1648D0FC00BF98AF /* Traffic.h */,
				3FA6051F1648D0FD00BF98AF /* Traffic.m */,
				3FA605211648D0FE00BF98AF /* Dish.h */,
				3FA605221648D0FE00BF98AF /* Dish.m */,
				3FA6050F1648314000BF98AF /* Restaurant+Plist.h */,
				3FA605101648314100BF98AF /* Restaurant+Plist.m */,
			);
			name = CoreData;
			sourceTree = "<group>";
		};
		9B77FBBE164915C700C503E2 /* QRDraw */ = {
			isa = PBXGroup;
			children = (
				9B77FBBF164915C700C503E2 /* qr_draw.h */,
				9B77FBC0164915C700C503E2 /* qr_draw_png.h */,
				9B77FBC1164915C700C503E2 /* qr_draw_png.mm */,
				9B77FBC2164915C700C503E2 /* QR_Encode.h */,
				9B77FBC3164915C700C503E2 /* QR_Encode.mm */,
				9B77FBC4164915C700C503E2 /* win2ansi.h */,
			);
			path = QRDraw;
			sourceTree = "<group>";
		};
		9B77FBC8164915D100C503E2 /* libpng */ = {
			isa = PBXGroup;
			children = (
				9B77FBC9164915D100C503E2 /* png.c */,
				9B77FBCA164915D100C503E2 /* png.h */,
				9B77FBCB164915D100C503E2 /* pngconf.h */,
				9B77FBCC164915D100C503E2 /* pngdebug.h */,
				9B77FBCD164915D100C503E2 /* pngerror.c */,
				9B77FBCE164915D100C503E2 /* pngget.c */,
				9B77FBCF164915D100C503E2 /* pnginfo.h */,
				9B77FBD0164915D100C503E2 /* pnglibconf.h */,
				9B77FBD1164915D100C503E2 /* pngmem.c */,
				9B77FBD2164915D100C503E2 /* pngpread.c */,
				9B77FBD3164915D100C503E2 /* pngpriv.h */,
				9B77FBD4164915D100C503E2 /* pngread.c */,
				9B77FBD5164915D100C503E2 /* pngrio.c */,
				9B77FBD6164915D100C503E2 /* pngrtran.c */,
				9B77FBD7164915D100C503E2 /* pngrutil.c */,
				9B77FBD8164915D100C503E2 /* pngset.c */,
				9B77FBD9164915D100C503E2 /* pngstruct.h */,
				9B77FBDA164915D100C503E2 /* pngtrans.c */,
				9B77FBDB164915D100C503E2 /* pngwio.c */,
				9B77FBDC164915D100C503E2 /* pngwrite.c */,
				9B77FBDD164915D100C503E2 /* pngwtran.c */,
				9B77FBDE164915D100C503E2 /* pngwutil.c */,
				9B77FBDF164915D100C503E2 /* zlib.h */,
			);
			path = libpng;
		4D2E5BE21648A7AF00EDFD2F /* NearSearch */ = {
			isa = PBXGroup;
			children = (
				4D2E5BE31648A7D000EDFD2F /* SubViews */,
				9B922F0D163AB3EA001692F2 /* NearSearchListViewController.h */,
				9B922F0E163AB3EA001692F2 /* NearSearchListViewController.m */,
			);
			name = NearSearch;
			sourceTree = "<group>";
		};
		4D2E5BE31648A7D000EDFD2F /* SubViews */ = {
			isa = PBXGroup;
			children = (
				4D2E5BDD1648A6E000EDFD2F /* NSMapViewController.h */,
				4D2E5BDE1648A6E000EDFD2F /* NSMapViewController.m */,
				4D2E5BE91648B2BB00EDFD2F /* NSMapView.xib */,
				4D2E5BF31648EAC000EDFD2F /* NSTableViewController.h */,
				4D2E5BF41648EAC000EDFD2F /* NSTableViewController.m */,
				4D2E5BF61648EADB00EDFD2F /* NSTableView.xib */,
			);
			name = SubViews;
			sourceTree = "<group>";
		};
		4D2E5BE41648A7E300EDFD2F /* GlobalSearch */ = {
			isa = PBXGroup;
			children = (
				4D2E5BE51648A7F600EDFD2F /* SubViews */,
				9B922F03163AA56A001692F2 /* GlobalSearchListViewController.h */,
				9B922F04163AA56A001692F2 /* GlobalSearchListViewController.m */,
			);
			name = GlobalSearch;
			sourceTree = "<group>";
		};
		4D2E5BE51648A7F600EDFD2F /* SubViews */ = {
			isa = PBXGroup;
			children = (
			);
			name = SubViews;
			sourceTree = "<group>";
		};
		4D2E5BE61648ACDE00EDFD2F /* Search */ = {
			isa = PBXGroup;
			children = (
				4D2E5BED1648E14600EDFD2F /* Annotation.h */,
				4D2E5BEE1648E14600EDFD2F /* Annotation.m */,
				4D2E5BF01648E37200EDFD2F /* AnnotationCreate.h */,
				4D2E5BF11648E37200EDFD2F /* AnnotationCreate.m */,
				4D2E5BE21648A7AF00EDFD2F /* NearSearch */,
				4D2E5BE41648A7E300EDFD2F /* GlobalSearch */,
			);
			name = Search;
			sourceTree = "<group>";
		};
		9BFB1C301637EE110053200A = {
			isa = PBXGroup;
			children = (
				4D2E5BEB1648C45400EDFD2F /* CoreLocation.framework */,
				4D2E5BD5164850CF00EDFD2F /* MapKit.framework */,
				3F8628B9163D63B0001DCA11 /* CoreData.framework */,
				9BFB1C451637EE110053200A /* QueueFree */,
				9BFB1C3E1637EE110053200A /* Frameworks */,
				9BFB1C3C1637EE110053200A /* Products */,
			);
			sourceTree = "<group>";
		};
		9BFB1C3C1637EE110053200A /* Products */ = {
			isa = PBXGroup;
			children = (
				9BFB1C3B1637EE110053200A /* QueueFree.app */,
			);
			name = Products;
			sourceTree = "<group>";
		};
		9BFB1C3E1637EE110053200A /* Frameworks */ = {
			isa = PBXGroup;
			children = (
				9B77FBEF1649160100C503E2 /* libz.dylib */,
				9BFB1C3F1637EE110053200A /* UIKit.framework */,
				9BFB1C411637EE110053200A /* Foundation.framework */,
				9BFB1C431637EE110053200A /* CoreGraphics.framework */,
			);
			name = Frameworks;
			sourceTree = "<group>";
		};
		9BFB1C451637EE110053200A /* QueueFree */ = {
			isa = PBXGroup;
			children = (
				9B77FBBE164915C700C503E2 /* QRDraw */,
				9B77FBC8164915D100C503E2 /* libpng */,
				9BFB1C571637EE110053200A /* MainStoryboard.storyboard */,
				3FB68578163D5FA3005116A2 /* CoreData */,
				9BFB1CA916380F720053200A /* nib */,
				9BFB1C731637FC3D0053200A /* Classes */,
				9BFB1C661637FB160053200A /* Resources */,
				9BFB1C461637EE110053200A /* Supporting Files */,
			);
			path = QueueFree;
			sourceTree = "<group>";
		};
		9BFB1C461637EE110053200A /* Supporting Files */ = {
			isa = PBXGroup;
			children = (
				9BFB1C471637EE110053200A /* QueueFree-Info.plist */,
				9BFB1C481637EE110053200A /* InfoPlist.strings */,
				9BFB1C4B1637EE110053200A /* main.m */,
				9BFB1C4D1637EE110053200A /* QueueFree-Prefix.pch */,
				9BFB1C511637EE110053200A /* Default.png */,
				9BFB1C531637EE110053200A /* Default@2x.png */,
				9BFB1C551637EE110053200A /* Default-568h@2x.png */,
			);
			name = "Supporting Files";
			sourceTree = "<group>";
		};
		9BFB1C661637FB160053200A /* Resources */ = {
			isa = PBXGroup;
			children = (
				9BF5DEE1164854D9008B189A /* icon@2x.png */,
				9BF5DEDF164854D3008B189A /* icon.png */,
				9BF5DEDB164846E9008B189A /* star_dish_image_boarder.png */,
				9BF5DEDC164846E9008B189A /* star_dish_image_boarder@2x.png */,
				9BF5DEB0164841B2008B189A /* 0.jpg */,
				9BF5DEB1164841B2008B189A /* 1.jpg */,
				9BF5DEB2164841B2008B189A /* 2.jpg */,
				9BF5DEB3164841B2008B189A /* 3.jpg */,
				9BF5DEB4164841B2008B189A /* 4.jpg */,
				9BF5DEB5164841B2008B189A /* 5.jpg */,
				9BF5DEB6164841B2008B189A /* 6.jpg */,
				9BF5DEB7164841B2008B189A /* 7.jpg */,
				9BF5DEB8164841B2008B189A /* 8.jpg */,
				9BF5DEB9164841B2008B189A /* 9.jpg */,
				9BF5DEBA164841B2008B189A /* 10.jpg */,
				9BF5DEBB164841B2008B189A /* 11.jpg */,
				9BF5DEBC164841B2008B189A /* 12.jpg */,
				9BF5DEBD164841B2008B189A /* 13.jpg */,
				9BF5DEBE164841B2008B189A /* 14.jpg */,
				9BF5DEBF164841B2008B189A /* 15.jpg */,
				9BF5DEC0164841B2008B189A /* 16.jpg */,
				9BF5DEC1164841B2008B189A /* 17.jpg */,
				9BF5DEC2164841B2008B189A /* 18.jpg */,
				9BFB1C6D1637FB2F0053200A /* Default@2x.png */,
				9BFB1C6B1637FB290053200A /* Default.png */,
				9B7D1B7D163966380011916A /* home_background.png */,
				9B7D1B7E163966380011916A /* home_background@2x.png */,
				9B7D1B82163968710011916A /* home_frame_down.png */,
				9B7D1B83163968710011916A /* home_frame_down@2x.png */,
				9B7D1B84163968710011916A /* home_frame_left.png */,
				9B7D1B85163968710011916A /* home_frame_left@2x.png */,
				9B7D1B86163968710011916A /* home_frame_right.png */,
				9B7D1B87163968710011916A /* home_frame_right@2x.png */,
				9B7D1B88163968710011916A /* home_frame_up.png */,
				9B7D1B90163968990011916A /* home_frame_up@2x.png */,
				9B7D1B9216396A700011916A /* home_global_button.png */,
				9B7D1B9316396A700011916A /* home_global_button@2x.png */,
				9B7D1B9416396A700011916A /* home_near_button.png */,
				9B7D1B9516396A700011916A /* home_near_button@2x.png */,
				9B7D1B9A1639795F0011916A /* home_bill_button.png */,
				9B7D1B9B1639795F0011916A /* home_bill_button@2x.png */,
				9B7D1B9C1639795F0011916A /* home_favour_button.png */,
				9B7D1B9D1639795F0011916A /* home_favour_button@2x.png */,
				9BFB1C6F1637FBF10053200A /* navigation_bar_background.png */,
				9BFB1C701637FBF10053200A /* navigation_bar_background@2x.png */,
				9B922EFA163AA3EE001692F2 /* search_button.png */,
				9B922EFB163AA3EE001692F2 /* search_button@2x.png */,
				9B922EFC163AA3EE001692F2 /* search_textfield.png */,
				9B922EFD163AA3EE001692F2 /* search_textfield@2x.png */,
				9BFB1C7E1637FFB50053200A /* tab_bar_background.png */,
				9BFB1C7F1637FFB50053200A /* tab_bar_background@2x.png */,
				9BFB1C8D16380AB40053200A /* tab_bar_home_selected.png */,
				9BFB1C8E16380AB40053200A /* tab_bar_home_selected@2x.png */,
				9BFB1C8F16380AB40053200A /* tab_bar_home_unselected.png */,
				9BFB1C9016380AB40053200A /* tab_bar_home_unselected@2x.png */,
				9BFB1C9116380AB40053200A /* tab_bar_qsns_selected.png */,
				9BFB1C9216380AB40053200A /* tab_bar_qsns_selected@2x.png */,
				9BFB1C9316380AB40053200A /* tab_bar_qsns_unselected.png */,
				9BFB1C9416380AB40053200A /* tab_bar_qsns_unselected@2x.png */,
				9BFB1C9516380AB40053200A /* tab_bar_star_selected.png */,
				9BFB1C9616380AB40053200A /* tab_bar_star_selected@2x.png */,
				9BFB1C9716380AB40053200A /* tab_bar_star_unselected.png */,
				9BFB1C9816380AB40053200A /* tab_bar_star_unselected@2x.png */,
			);
			path = Resources;
			sourceTree = "<group>";
		};
		9BFB1C731637FC3D0053200A /* Classes */ = {
			isa = PBXGroup;
			children = (
				9B77FBF11649167200C503E2 /* Barcode.h */,
				9B77FBF21649167200C503E2 /* Barcode.mm */,
				4D2E5BE61648ACDE00EDFD2F /* Search */,
				9BFB1C82163805F20053200A /* CustomTabBarView.h */,
				9BFB1C83163805F20053200A /* CustomTabBarView.m */,
				9BFB1C4E1637EE110053200A /* QFAppDelegate.h */,
				9BFB1C4F1637EE110053200A /* QFAppDelegate.m */,
				9BFB1C741637FC5D0053200A /* QFNavigationBar.h */,
				9BFB1C751637FC5D0053200A /* QFNavigationBar.m */,
				9BFB1C5A1637EE110053200A /* QFViewController.h */,
				9BFB1C5B1637EE110053200A /* QFViewController.m */,
				9BF5DEAC16484196008B189A /* StarTableViewCell.h */,
				9BF5DEAD16484196008B189A /* StarTableViewCell.m */,
			);
			path = Classes;
			sourceTree = "<group>";
		};
		9BFB1CA916380F720053200A /* nib */ = {
			isa = PBXGroup;
			children = (
				9BF5DED6164841C3008B189A /* StarTableViewCell.xib */,
				9BFB1CB31638191A0053200A /* QFHomeView.xib */,
				9BFB1CB41638191A0053200A /* QFQsnsView.xib */,
				9BF5DED8164841DA008B189A /* QFStarView.xib */,
			);
			name = nib;
			sourceTree = "<group>";
		};
/* End PBXGroup section */

/* Begin PBXNativeTarget section */
		9BFB1C3A1637EE110053200A /* QueueFree */ = {
			isa = PBXNativeTarget;
			buildConfigurationList = 9BFB1C5F1637EE110053200A /* Build configuration list for PBXNativeTarget "QueueFree" */;
			buildPhases = (
				9BFB1C371637EE110053200A /* Sources */,
				9BFB1C381637EE110053200A /* Frameworks */,
				9BFB1C391637EE110053200A /* Resources */,
			);
			buildRules = (
			);
			dependencies = (
			);
			name = QueueFree;
			productName = QueueFree;
			productReference = 9BFB1C3B1637EE110053200A /* QueueFree.app */;
			productType = "com.apple.product-type.application";
		};
/* End PBXNativeTarget section */

/* Begin PBXProject section */
		9BFB1C321637EE110053200A /* Project object */ = {
			isa = PBXProject;
			attributes = {
				CLASSPREFIX = QF;
				LastUpgradeCheck = 0450;
				ORGANIZATIONNAME = BuG.BS;
			};
			buildConfigurationList = 9BFB1C351637EE110053200A /* Build configuration list for PBXProject "QueueFree" */;
			compatibilityVersion = "Xcode 3.2";
			developmentRegion = English;
			hasScannedForEncodings = 0;
			knownRegions = (
				en,
			);
			mainGroup = 9BFB1C301637EE110053200A;
			productRefGroup = 9BFB1C3C1637EE110053200A /* Products */;
			projectDirPath = "";
			projectRoot = "";
			targets = (
				9BFB1C3A1637EE110053200A /* QueueFree */,
			);
		};
/* End PBXProject section */

/* Begin PBXResourcesBuildPhase section */
		9BFB1C391637EE110053200A /* Resources */ = {
			isa = PBXResourcesBuildPhase;
			buildActionMask = 2147483647;
			files = (
				9BFB1C4A1637EE110053200A /* InfoPlist.strings in Resources */,
				9BFB1C521637EE110053200A /* Default.png in Resources */,
				9BFB1C541637EE110053200A /* Default@2x.png in Resources */,
				9BFB1C561637EE110053200A /* Default-568h@2x.png in Resources */,
				9BFB1C591637EE110053200A /* MainStoryboard.storyboard in Resources */,
				9BFB1C6C1637FB290053200A /* Default.png in Resources */,
				9BFB1C6E1637FB2F0053200A /* Default@2x.png in Resources */,
				9BFB1C711637FBF10053200A /* navigation_bar_background.png in Resources */,
				9BFB1C721637FBF10053200A /* navigation_bar_background@2x.png in Resources */,
				9BFB1C801637FFB50053200A /* tab_bar_background.png in Resources */,
				9BFB1C811637FFB50053200A /* tab_bar_background@2x.png in Resources */,
				9BFB1C9916380AB40053200A /* tab_bar_home_selected.png in Resources */,
				9BFB1C9A16380AB40053200A /* tab_bar_home_selected@2x.png in Resources */,
				9BFB1C9B16380AB40053200A /* tab_bar_home_unselected.png in Resources */,
				9BFB1C9C16380AB40053200A /* tab_bar_home_unselected@2x.png in Resources */,
				9BFB1C9D16380AB40053200A /* tab_bar_qsns_selected.png in Resources */,
				9BFB1C9E16380AB40053200A /* tab_bar_qsns_selected@2x.png in Resources */,
				9BFB1C9F16380AB40053200A /* tab_bar_qsns_unselected.png in Resources */,
				9BFB1CA016380AB40053200A /* tab_bar_qsns_unselected@2x.png in Resources */,
				9BFB1CA116380AB40053200A /* tab_bar_star_selected.png in Resources */,
				9BFB1CA216380AB40053200A /* tab_bar_star_selected@2x.png in Resources */,
				9BFB1CA316380AB40053200A /* tab_bar_star_unselected.png in Resources */,
				9BFB1CA416380AB40053200A /* tab_bar_star_unselected@2x.png in Resources */,
				9BFB1CB61638191A0053200A /* QFHomeView.xib in Resources */,
				9BFB1CB71638191A0053200A /* QFQsnsView.xib in Resources */,
				9B7D1B7F163966380011916A /* home_background.png in Resources */,
				9B7D1B80163966380011916A /* home_background@2x.png in Resources */,
				9B7D1B89163968710011916A /* home_frame_down.png in Resources */,
				9B7D1B8A163968710011916A /* home_frame_down@2x.png in Resources */,
				9B7D1B8B163968710011916A /* home_frame_left.png in Resources */,
				9B7D1B8C163968710011916A /* home_frame_left@2x.png in Resources */,
				9B7D1B8D163968710011916A /* home_frame_right.png in Resources */,
				9B7D1B8E163968710011916A /* home_frame_right@2x.png in Resources */,
				9B7D1B8F163968710011916A /* home_frame_up.png in Resources */,
				9B7D1B91163968990011916A /* home_frame_up@2x.png in Resources */,
				9B7D1B9616396A700011916A /* home_global_button.png in Resources */,
				9B7D1B9716396A700011916A /* home_global_button@2x.png in Resources */,
				9B7D1B9816396A700011916A /* home_near_button.png in Resources */,
				9B7D1B9916396A700011916A /* home_near_button@2x.png in Resources */,
				9B7D1B9E1639795F0011916A /* home_bill_button.png in Resources */,
				9B7D1B9F1639795F0011916A /* home_bill_button@2x.png in Resources */,
				9B7D1BA01639795F0011916A /* home_favour_button.png in Resources */,
				9B7D1BA11639795F0011916A /* home_favour_button@2x.png in Resources */,
				9B922EFE163AA3EE001692F2 /* search_button.png in Resources */,
				9B922EFF163AA3EE001692F2 /* search_button@2x.png in Resources */,
				9B922F00163AA3EE001692F2 /* search_textfield.png in Resources */,
				9B922F01163AA3EE001692F2 /* search_textfield@2x.png in Resources */,
				3FA604FE1648146A00BF98AF /* QueueFree.plist in Resources */,
				9BF5DEC3164841B2008B189A /* 0.jpg in Resources */,
				9BF5DEC4164841B2008B189A /* 1.jpg in Resources */,
				9BF5DEC5164841B2008B189A /* 2.jpg in Resources */,
				9BF5DEC6164841B2008B189A /* 3.jpg in Resources */,
				9BF5DEC7164841B2008B189A /* 4.jpg in Resources */,
				9BF5DEC8164841B2008B189A /* 5.jpg in Resources */,
				9BF5DEC9164841B2008B189A /* 6.jpg in Resources */,
				9BF5DECA164841B2008B189A /* 7.jpg in Resources */,
				9BF5DECB164841B2008B189A /* 8.jpg in Resources */,
				9BF5DECC164841B2008B189A /* 9.jpg in Resources */,
				9BF5DECD164841B2008B189A /* 10.jpg in Resources */,
				9BF5DECE164841B2008B189A /* 11.jpg in Resources */,
				9BF5DECF164841B2008B189A /* 12.jpg in Resources */,
				9BF5DED0164841B2008B189A /* 13.jpg in Resources */,
				9BF5DED1164841B2008B189A /* 14.jpg in Resources */,
				9BF5DED2164841B2008B189A /* 15.jpg in Resources */,
				9BF5DED3164841B2008B189A /* 16.jpg in Resources */,
				9BF5DED4164841B2008B189A /* 17.jpg in Resources */,
				9BF5DED5164841B2008B189A /* 18.jpg in Resources */,
				9BF5DED7164841C3008B189A /* StarTableViewCell.xib in Resources */,
				9BF5DED9164841DA008B189A /* QFStarView.xib in Resources */,
				9BF5DEDD164846E9008B189A /* star_dish_image_boarder.png in Resources */,
				9BF5DEDE164846E9008B189A /* star_dish_image_boarder@2x.png in Resources */,
				9BF5DEE0164854D3008B189A /* icon.png in Resources */,
				9BF5DEE2164854D9008B189A /* icon@2x.png in Resources */,
				4D2E5BEA1648B2BB00EDFD2F /* NSMapView.xib in Resources */,
				4D2E5BF71648EADB00EDFD2F /* NSTableView.xib in Resources */,
			);
			runOnlyForDeploymentPostprocessing = 0;
		};
/* End PBXResourcesBuildPhase section */

/* Begin PBXSourcesBuildPhase section */
		9BFB1C371637EE110053200A /* Sources */ = {
			isa = PBXSourcesBuildPhase;
			buildActionMask = 2147483647;
			files = (
				9B77FBF3164916A100C503E2 /* Barcode.mm in Sources */,
				9BF5DEDA16484322008B189A /* StarTableViewCell.m in Sources */,
				3FBBBD30163D61400064CA61 /* RestaurantInfo.xcdatamodeld in Sources */,
				9BFB1C4C1637EE110053200A /* main.m in Sources */,
				9BFB1C501637EE110053200A /* QFAppDelegate.m in Sources */,
				9BFB1C5C1637EE110053200A /* QFViewController.m in Sources */,
				9BFB1C761637FC5D0053200A /* QFNavigationBar.m in Sources */,
				9BFB1C84163805F20053200A /* CustomTabBarView.m in Sources */,
				9B922F05163AA56A001692F2 /* GlobalSearchListViewController.m in Sources */,
				9B922F0F163AB3EA001692F2 /* NearSearchListViewController.m in Sources */,
				3FA605111648314100BF98AF /* Restaurant+Plist.m in Sources */,
				3FA605191648D0F800BF98AF /* Restaurant.m in Sources */,
				3FA6051D1648D0FC00BF98AF /* Telephone.m in Sources */,
				3FA605201648D0FD00BF98AF /* Traffic.m in Sources */,
				3FA605231648D0FE00BF98AF /* Dish.m in Sources */,
				9B77FBC5164915C700C503E2 /* qr_draw_png.mm in Sources */,
				9B77FBC6164915C700C503E2 /* QR_Encode.mm in Sources */,
				9B77FBE0164915D100C503E2 /* png.c in Sources */,
				9B77FBE1164915D100C503E2 /* pngerror.c in Sources */,
				9B77FBE2164915D100C503E2 /* pngget.c in Sources */,
				9B77FBE3164915D100C503E2 /* pngmem.c in Sources */,
				9B77FBE4164915D100C503E2 /* pngpread.c in Sources */,
				9B77FBE5164915D100C503E2 /* pngread.c in Sources */,
				9B77FBE6164915D100C503E2 /* pngrio.c in Sources */,
				9B77FBE7164915D100C503E2 /* pngrtran.c in Sources */,
				9B77FBE8164915D100C503E2 /* pngrutil.c in Sources */,
				9B77FBE9164915D100C503E2 /* pngset.c in Sources */,
				9B77FBEA164915D100C503E2 /* pngtrans.c in Sources */,
				9B77FBEB164915D100C503E2 /* pngwio.c in Sources */,
				9B77FBEC164915D100C503E2 /* pngwrite.c in Sources */,
				9B77FBED164915D100C503E2 /* pngwtran.c in Sources */,
				9B77FBEE164915D100C503E2 /* pngwutil.c in Sources */,

				4D2E5BE01648A6E100EDFD2F /* NSMapViewController.m in Sources */,
				4D2E5BEF1648E14600EDFD2F /* Annotation.m in Sources */,
				4D2E5BF21648E37200EDFD2F /* AnnotationCreate.m in Sources */,
				4D2E5BF51648EAC000EDFD2F /* NSTableViewController.m in Sources */,

			);
			runOnlyForDeploymentPostprocessing = 0;
		};
/* End PBXSourcesBuildPhase section */

/* Begin PBXVariantGroup section */
		9BFB1C481637EE110053200A /* InfoPlist.strings */ = {
			isa = PBXVariantGroup;
			children = (
				9BFB1C491637EE110053200A /* en */,
			);
			name = InfoPlist.strings;
			sourceTree = "<group>";
		};
		9BFB1C571637EE110053200A /* MainStoryboard.storyboard */ = {
			isa = PBXVariantGroup;
			children = (
				9BFB1C581637EE110053200A /* en */,
			);
			name = MainStoryboard.storyboard;
			sourceTree = "<group>";
		};
/* End PBXVariantGroup section */

/* Begin XCBuildConfiguration section */
		9BFB1C5D1637EE110053200A /* Debug */ = {
			isa = XCBuildConfiguration;
			buildSettings = {
				ALWAYS_SEARCH_USER_PATHS = NO;
				CLANG_CXX_LANGUAGE_STANDARD = "gnu++0x";
				CLANG_CXX_LIBRARY = "libc++";
				CLANG_ENABLE_OBJC_ARC = YES;
				CLANG_WARN_EMPTY_BODY = YES;
				CLANG_WARN__DUPLICATE_METHOD_MATCH = YES;
				"CODE_SIGN_IDENTITY[sdk=iphoneos*]" = "iPhone Developer";
				COPY_PHASE_STRIP = NO;
				GCC_C_LANGUAGE_STANDARD = gnu99;
				GCC_DYNAMIC_NO_PIC = NO;
				GCC_OPTIMIZATION_LEVEL = 0;
				GCC_PREPROCESSOR_DEFINITIONS = (
					"DEBUG=1",
					"$(inherited)",
				);
				GCC_SYMBOLS_PRIVATE_EXTERN = NO;
				GCC_WARN_ABOUT_RETURN_TYPE = YES;
				GCC_WARN_UNINITIALIZED_AUTOS = YES;
				GCC_WARN_UNUSED_VARIABLE = YES;
				IPHONEOS_DEPLOYMENT_TARGET = 6.0;
				ONLY_ACTIVE_ARCH = YES;
				SDKROOT = iphoneos;
			};
			name = Debug;
		};
		9BFB1C5E1637EE110053200A /* Release */ = {
			isa = XCBuildConfiguration;
			buildSettings = {
				ALWAYS_SEARCH_USER_PATHS = NO;
				CLANG_CXX_LANGUAGE_STANDARD = "gnu++0x";
				CLANG_CXX_LIBRARY = "libc++";
				CLANG_ENABLE_OBJC_ARC = YES;
				CLANG_WARN_EMPTY_BODY = YES;
				CLANG_WARN__DUPLICATE_METHOD_MATCH = YES;
				"CODE_SIGN_IDENTITY[sdk=iphoneos*]" = "iPhone Developer";
				COPY_PHASE_STRIP = YES;
				GCC_C_LANGUAGE_STANDARD = gnu99;
				GCC_WARN_ABOUT_RETURN_TYPE = YES;
				GCC_WARN_UNINITIALIZED_AUTOS = YES;
				GCC_WARN_UNUSED_VARIABLE = YES;
				IPHONEOS_DEPLOYMENT_TARGET = 6.0;
				OTHER_CFLAGS = "-DNS_BLOCK_ASSERTIONS=1";
				SDKROOT = iphoneos;
				VALIDATE_PRODUCT = YES;
			};
			name = Release;
		};
		9BFB1C601637EE110053200A /* Debug */ = {
			isa = XCBuildConfiguration;
			buildSettings = {
				GCC_PRECOMPILE_PREFIX_HEADER = YES;
				GCC_PREFIX_HEADER = "QueueFree/QueueFree-Prefix.pch";
				INFOPLIST_FILE = "QueueFree/QueueFree-Info.plist";
				IPHONEOS_DEPLOYMENT_TARGET = 5.1;
				PRODUCT_NAME = "$(TARGET_NAME)";
				WRAPPER_EXTENSION = app;
			};
			name = Debug;
		};
		9BFB1C611637EE110053200A /* Release */ = {
			isa = XCBuildConfiguration;
			buildSettings = {
				GCC_PRECOMPILE_PREFIX_HEADER = YES;
				GCC_PREFIX_HEADER = "QueueFree/QueueFree-Prefix.pch";
				INFOPLIST_FILE = "QueueFree/QueueFree-Info.plist";
				IPHONEOS_DEPLOYMENT_TARGET = 5.1;
				PRODUCT_NAME = "$(TARGET_NAME)";
				WRAPPER_EXTENSION = app;
			};
			name = Release;
		};
/* End XCBuildConfiguration section */

/* Begin XCConfigurationList section */
		9BFB1C351637EE110053200A /* Build configuration list for PBXProject "QueueFree" */ = {
			isa = XCConfigurationList;
			buildConfigurations = (
				9BFB1C5D1637EE110053200A /* Debug */,
				9BFB1C5E1637EE110053200A /* Release */,
			);
			defaultConfigurationIsVisible = 0;
			defaultConfigurationName = Release;
		};
		9BFB1C5F1637EE110053200A /* Build configuration list for PBXNativeTarget "QueueFree" */ = {
			isa = XCConfigurationList;
			buildConfigurations = (
				9BFB1C601637EE110053200A /* Debug */,
				9BFB1C611637EE110053200A /* Release */,
			);
			defaultConfigurationIsVisible = 0;
			defaultConfigurationName = Release;
		};
/* End XCConfigurationList section */

/* Begin XCVersionGroup section */
		3FE68AE016380D170051A267 /* RestaurantInfo.xcdatamodeld */ = {
			isa = XCVersionGroup;
			children = (
				3FE68AE116380D170051A267 /* RestaurantInfo.xcdatamodel */,
			);
			currentVersion = 3FE68AE116380D170051A267 /* RestaurantInfo.xcdatamodel */;
			path = RestaurantInfo.xcdatamodeld;
			sourceTree = "<group>";
			versionGroupType = wrapper.xcdatamodel;
		};
/* End XCVersionGroup section */
	};
	rootObject = 9BFB1C321637EE110053200A /* Project object */;
}
